// !$*UTF8*$!
{
	archiveVersion = 1;
	classes = {
	};
	objectVersion = 56;
	objects = {

/* Begin PBXBuildFile section */
		110929A8E31C8708B3A9C841 /* Pods_Devflix.framework in Frameworks */ = {isa = PBXBuildFile; fileRef = 0690830E72FFC4E7A291A7DB /* Pods_Devflix.framework */; };
		28CA5DE429DD5B9C00E82C43 /* AppDelegate.swift in Sources */ = {isa = PBXBuildFile; fileRef = 28CA5DE329DD5B9C00E82C43 /* AppDelegate.swift */; };
		28CA5DE629DD5B9C00E82C43 /* SceneDelegate.swift in Sources */ = {isa = PBXBuildFile; fileRef = 28CA5DE529DD5B9C00E82C43 /* SceneDelegate.swift */; };
		28CA5DE829DD5B9C00E82C43 /* MovieViewController.swift in Sources */ = {isa = PBXBuildFile; fileRef = 28CA5DE729DD5B9C00E82C43 /* MovieViewController.swift */; };
		28CA5DEB29DD5B9C00E82C43 /* Main.storyboard in Resources */ = {isa = PBXBuildFile; fileRef = 28CA5DE929DD5B9C00E82C43 /* Main.storyboard */; };
		28CA5DED29DD5B9E00E82C43 /* Assets.xcassets in Resources */ = {isa = PBXBuildFile; fileRef = 28CA5DEC29DD5B9E00E82C43 /* Assets.xcassets */; };
		28CA5DF029DD5B9E00E82C43 /* LaunchScreen.storyboard in Resources */ = {isa = PBXBuildFile; fileRef = 28CA5DEE29DD5B9E00E82C43 /* LaunchScreen.storyboard */; };
		28CA5DF829DDD6E500E82C43 /* MovieTableViewCell.swift in Sources */ = {isa = PBXBuildFile; fileRef = 28CA5DF729DDD6E500E82C43 /* MovieTableViewCell.swift */; };
		28CA5DFA29DDE10F00E82C43 /* MovieService.swift in Sources */ = {isa = PBXBuildFile; fileRef = 28CA5DF929DDE10F00E82C43 /* MovieService.swift */; };
		28CA5DFC29DDE1ED00E82C43 /* Movie.swift in Sources */ = {isa = PBXBuildFile; fileRef = 28CA5DFB29DDE1ED00E82C43 /* Movie.swift */; };
		28E31B7929DF4D5500AF3A22 /* MovieServiceApiKey.swift in Sources */ = {isa = PBXBuildFile; fileRef = 28E31B7829DF4D5500AF3A22 /* MovieServiceApiKey.swift */; };
		28E31B7B29E145F300AF3A22 /* NetworkManager.swift in Sources */ = {isa = PBXBuildFile; fileRef = 28E31B7A29E145F300AF3A22 /* NetworkManager.swift */; };
		28E31B7D29E169EB00AF3A22 /* MovieListItem.swift in Sources */ = {isa = PBXBuildFile; fileRef = 28E31B7C29E169EB00AF3A22 /* MovieListItem.swift */; };
		28E31B7F29E198D500AF3A22 /* MovieDetail.swift in Sources */ = {isa = PBXBuildFile; fileRef = 28E31B7E29E198D500AF3A22 /* MovieDetail.swift */; };
		28E31B8129E1A3DF00AF3A22 /* MovieDetailViewController.swift in Sources */ = {isa = PBXBuildFile; fileRef = 28E31B8029E1A3DF00AF3A22 /* MovieDetailViewController.swift */; };
/* End PBXBuildFile section */

/* Begin PBXFileReference section */
		0690830E72FFC4E7A291A7DB /* Pods_Devflix.framework */ = {isa = PBXFileReference; explicitFileType = wrapper.framework; includeInIndex = 0; path = Pods_Devflix.framework; sourceTree = BUILT_PRODUCTS_DIR; };
		28CA5DE029DD5B9C00E82C43 /* Devflix.app */ = {isa = PBXFileReference; explicitFileType = wrapper.application; includeInIndex = 0; path = Devflix.app; sourceTree = BUILT_PRODUCTS_DIR; };
		28CA5DE329DD5B9C00E82C43 /* AppDelegate.swift */ = {isa = PBXFileReference; lastKnownFileType = sourcecode.swift; path = AppDelegate.swift; sourceTree = "<group>"; };
		28CA5DE529DD5B9C00E82C43 /* SceneDelegate.swift */ = {isa = PBXFileReference; lastKnownFileType = sourcecode.swift; path = SceneDelegate.swift; sourceTree = "<group>"; };
		28CA5DE729DD5B9C00E82C43 /* MovieViewController.swift */ = {isa = PBXFileReference; lastKnownFileType = sourcecode.swift; path = MovieViewController.swift; sourceTree = "<group>"; };
		28CA5DEA29DD5B9C00E82C43 /* Base */ = {isa = PBXFileReference; lastKnownFileType = file.storyboard; name = Base; path = Base.lproj/Main.storyboard; sourceTree = "<group>"; };
		28CA5DEC29DD5B9E00E82C43 /* Assets.xcassets */ = {isa = PBXFileReference; lastKnownFileType = folder.assetcatalog; path = Assets.xcassets; sourceTree = "<group>"; };
		28CA5DEF29DD5B9E00E82C43 /* Base */ = {isa = PBXFileReference; lastKnownFileType = file.storyboard; name = Base; path = Base.lproj/LaunchScreen.storyboard; sourceTree = "<group>"; };
		28CA5DF129DD5B9E00E82C43 /* Info.plist */ = {isa = PBXFileReference; lastKnownFileType = text.plist.xml; path = Info.plist; sourceTree = "<group>"; };
		28CA5DF729DDD6E500E82C43 /* MovieTableViewCell.swift */ = {isa = PBXFileReference; lastKnownFileType = sourcecode.swift; path = MovieTableViewCell.swift; sourceTree = "<group>"; };
		28CA5DF929DDE10F00E82C43 /* MovieService.swift */ = {isa = PBXFileReference; lastKnownFileType = sourcecode.swift; path = MovieService.swift; sourceTree = "<group>"; };
		28CA5DFB29DDE1ED00E82C43 /* Movie.swift */ = {isa = PBXFileReference; lastKnownFileType = sourcecode.swift; path = Movie.swift; sourceTree = "<group>"; };
		28E31B7829DF4D5500AF3A22 /* MovieServiceApiKey.swift */ = {isa = PBXFileReference; lastKnownFileType = sourcecode.swift; path = MovieServiceApiKey.swift; sourceTree = "<group>"; };
		28E31B7A29E145F300AF3A22 /* NetworkManager.swift */ = {isa = PBXFileReference; lastKnownFileType = sourcecode.swift; path = NetworkManager.swift; sourceTree = "<group>"; };
		28E31B7C29E169EB00AF3A22 /* MovieListItem.swift */ = {isa = PBXFileReference; lastKnownFileType = sourcecode.swift; path = MovieListItem.swift; sourceTree = "<group>"; };
		28E31B7E29E198D500AF3A22 /* MovieDetail.swift */ = {isa = PBXFileReference; lastKnownFileType = sourcecode.swift; path = MovieDetail.swift; sourceTree = "<group>"; };
		28E31B8029E1A3DF00AF3A22 /* MovieDetailViewController.swift */ = {isa = PBXFileReference; lastKnownFileType = sourcecode.swift; path = MovieDetailViewController.swift; sourceTree = "<group>"; };
		A09B65DCEF7838E65BDB0E15 /* Pods-Devflix.debug.xcconfig */ = {isa = PBXFileReference; includeInIndex = 1; lastKnownFileType = text.xcconfig; name = "Pods-Devflix.debug.xcconfig"; path = "Target Support Files/Pods-Devflix/Pods-Devflix.debug.xcconfig"; sourceTree = "<group>"; };
		D744FB5793874926E90DD47B /* Pods-Devflix.release.xcconfig */ = {isa = PBXFileReference; includeInIndex = 1; lastKnownFileType = text.xcconfig; name = "Pods-Devflix.release.xcconfig"; path = "Target Support Files/Pods-Devflix/Pods-Devflix.release.xcconfig"; sourceTree = "<group>"; };
/* End PBXFileReference section */

/* Begin PBXFrameworksBuildPhase section */
		28CA5DDD29DD5B9C00E82C43 /* Frameworks */ = {
			isa = PBXFrameworksBuildPhase;
			buildActionMask = 2147483647;
			files = (
				110929A8E31C8708B3A9C841 /* Pods_Devflix.framework in Frameworks */,
			);
			runOnlyForDeploymentPostprocessing = 0;
		};
/* End PBXFrameworksBuildPhase section */

/* Begin PBXGroup section */
		1664B3EF60F3B45D2A10EDC2 /* Frameworks */ = {
			isa = PBXGroup;
			children = (
				0690830E72FFC4E7A291A7DB /* Pods_Devflix.framework */,
			);
			name = Frameworks;
			sourceTree = "<group>";
		};
		17041E4B84D34CB0B7D0EF99 /* Pods */ = {
			isa = PBXGroup;
			children = (
				A09B65DCEF7838E65BDB0E15 /* Pods-Devflix.debug.xcconfig */,
				D744FB5793874926E90DD47B /* Pods-Devflix.release.xcconfig */,
			);
			path = Pods;
			sourceTree = "<group>";
		};
		28CA5DD729DD5B9C00E82C43 = {
			isa = PBXGroup;
			children = (
				28CA5DE229DD5B9C00E82C43 /* Devflix */,
				28CA5DE129DD5B9C00E82C43 /* Products */,
				17041E4B84D34CB0B7D0EF99 /* Pods */,
				1664B3EF60F3B45D2A10EDC2 /* Frameworks */,
			);
			sourceTree = "<group>";
		};
		28CA5DE129DD5B9C00E82C43 /* Products */ = {
			isa = PBXGroup;
			children = (
				28CA5DE029DD5B9C00E82C43 /* Devflix.app */,
			);
			name = Products;
			sourceTree = "<group>";
		};
		28CA5DE229DD5B9C00E82C43 /* Devflix */ = {
			isa = PBXGroup;
			children = (
				28CA5DE329DD5B9C00E82C43 /* AppDelegate.swift */,
				28CA5DE529DD5B9C00E82C43 /* SceneDelegate.swift */,
				28CA5DE729DD5B9C00E82C43 /* MovieViewController.swift */,
				28CA5DE929DD5B9C00E82C43 /* Main.storyboard */,
				28CA5DF929DDE10F00E82C43 /* MovieService.swift */,
				28CA5DFB29DDE1ED00E82C43 /* Movie.swift */,
				28CA5DEC29DD5B9E00E82C43 /* Assets.xcassets */,
				28CA5DEE29DD5B9E00E82C43 /* LaunchScreen.storyboard */,
				28CA5DF129DD5B9E00E82C43 /* Info.plist */,
				28CA5DF729DDD6E500E82C43 /* MovieTableViewCell.swift */,
				28E31B7829DF4D5500AF3A22 /* MovieServiceApiKey.swift */,
				28E31B7A29E145F300AF3A22 /* NetworkManager.swift */,
				28E31B7C29E169EB00AF3A22 /* MovieListItem.swift */,
				28E31B7E29E198D500AF3A22 /* MovieDetail.swift */,
				28E31B8029E1A3DF00AF3A22 /* MovieDetailViewController.swift */,
			);
			path = Devflix;
			sourceTree = "<group>";
		};
/* End PBXGroup section */

/* Begin PBXNativeTarget section */
		28CA5DDF29DD5B9C00E82C43 /* Devflix */ = {
			isa = PBXNativeTarget;
			buildConfigurationList = 28CA5DF429DD5B9E00E82C43 /* Build configuration list for PBXNativeTarget "Devflix" */;
			buildPhases = (
				5C1461AED3B65B7F6A39247E /* [CP] Check Pods Manifest.lock */,
				28CA5DDC29DD5B9C00E82C43 /* Sources */,
				28CA5DDD29DD5B9C00E82C43 /* Frameworks */,
				28CA5DDE29DD5B9C00E82C43 /* Resources */,
				0F748F566443EA4FE675926C /* [CP] Embed Pods Frameworks */,
			);
			buildRules = (
			);
			dependencies = (
			);
			name = Devflix;
			productName = Devflix;
			productReference = 28CA5DE029DD5B9C00E82C43 /* Devflix.app */;
			productType = "com.apple.product-type.application";
		};
/* End PBXNativeTarget section */

/* Begin PBXProject section */
		28CA5DD829DD5B9C00E82C43 /* Project object */ = {
			isa = PBXProject;
			attributes = {
				BuildIndependentTargetsInParallel = 1;
				LastSwiftUpdateCheck = 1430;
				LastUpgradeCheck = 1430;
				TargetAttributes = {
					28CA5DDF29DD5B9C00E82C43 = {
						CreatedOnToolsVersion = 14.3;
					};
				};
			};
			buildConfigurationList = 28CA5DDB29DD5B9C00E82C43 /* Build configuration list for PBXProject "Devflix" */;
			compatibilityVersion = "Xcode 14.0";
			developmentRegion = en;
			hasScannedForEncodings = 0;
			knownRegions = (
				en,
				Base,
			);
			mainGroup = 28CA5DD729DD5B9C00E82C43;
			productRefGroup = 28CA5DE129DD5B9C00E82C43 /* Products */;
			projectDirPath = "";
			projectRoot = "";
			targets = (
				28CA5DDF29DD5B9C00E82C43 /* Devflix */,
			);
		};
/* End PBXProject section */

/* Begin PBXResourcesBuildPhase section */
		28CA5DDE29DD5B9C00E82C43 /* Resources */ = {
			isa = PBXResourcesBuildPhase;
			buildActionMask = 2147483647;
			files = (
				28CA5DF029DD5B9E00E82C43 /* LaunchScreen.storyboard in Resources */,
				28CA5DED29DD5B9E00E82C43 /* Assets.xcassets in Resources */,
				28CA5DEB29DD5B9C00E82C43 /* Main.storyboard in Resources */,
			);
			runOnlyForDeploymentPostprocessing = 0;
		};
/* End PBXResourcesBuildPhase section */

/* Begin PBXShellScriptBuildPhase section */
		0F748F566443EA4FE675926C /* [CP] Embed Pods Frameworks */ = {
			isa = PBXShellScriptBuildPhase;
			buildActionMask = 2147483647;
			files = (
			);
			inputFileListPaths = (
				"${PODS_ROOT}/Target Support Files/Pods-Devflix/Pods-Devflix-frameworks-${CONFIGURATION}-input-files.xcfilelist",
			);
			name = "[CP] Embed Pods Frameworks";
			outputFileListPaths = (
				"${PODS_ROOT}/Target Support Files/Pods-Devflix/Pods-Devflix-frameworks-${CONFIGURATION}-output-files.xcfilelist",
			);
			runOnlyForDeploymentPostprocessing = 0;
			shellPath = /bin/sh;
			shellScript = "\"${PODS_ROOT}/Target Support Files/Pods-Devflix/Pods-Devflix-frameworks.sh\"\n";
			showEnvVarsInLog = 0;
		};
		5C1461AED3B65B7F6A39247E /* [CP] Check Pods Manifest.lock */ = {
			isa = PBXShellScriptBuildPhase;
			buildActionMask = 2147483647;
			files = (
			);
			inputFileListPaths = (
			);
			inputPaths = (
				"${PODS_PODFILE_DIR_PATH}/Podfile.lock",
				"${PODS_ROOT}/Manifest.lock",
			);
			name = "[CP] Check Pods Manifest.lock";
			outputFileListPaths = (
			);
			outputPaths = (
				"$(DERIVED_FILE_DIR)/Pods-Devflix-checkManifestLockResult.txt",
			);
			runOnlyForDeploymentPostprocessing = 0;
			shellPath = /bin/sh;
			shellScript = "diff \"${PODS_PODFILE_DIR_PATH}/Podfile.lock\" \"${PODS_ROOT}/Manifest.lock\" > /dev/null\nif [ $? != 0 ] ; then\n    # print error to STDERR\n    echo \"error: The sandbox is not in sync with the Podfile.lock. Run 'pod install' or update your CocoaPods installation.\" >&2\n    exit 1\nfi\n# This output is used by Xcode 'outputs' to avoid re-running this script phase.\necho \"SUCCESS\" > \"${SCRIPT_OUTPUT_FILE_0}\"\n";
			showEnvVarsInLog = 0;
		};
/* End PBXShellScriptBuildPhase section */

/* Begin PBXSourcesBuildPhase section */
		28CA5DDC29DD5B9C00E82C43 /* Sources */ = {
			isa = PBXSourcesBuildPhase;
			buildActionMask = 2147483647;
			files = (
				28E31B7D29E169EB00AF3A22 /* MovieListItem.swift in Sources */,
				28CA5DE829DD5B9C00E82C43 /* MovieViewController.swift in Sources */,
				28CA5DE429DD5B9C00E82C43 /* AppDelegate.swift in Sources */,
				28CA5DFC29DDE1ED00E82C43 /* Movie.swift in Sources */,
				28CA5DF829DDD6E500E82C43 /* MovieTableViewCell.swift in Sources */,
				28E31B7B29E145F300AF3A22 /* NetworkManager.swift in Sources */,
				28CA5DE629DD5B9C00E82C43 /* SceneDelegate.swift in Sources */,
				28E31B7F29E198D500AF3A22 /* MovieDetail.swift in Sources */,
				28CA5DFA29DDE10F00E82C43 /* MovieService.swift in Sources */,
				28E31B8129E1A3DF00AF3A22 /* MovieDetailViewController.swift in Sources */,
				28E31B7929DF4D5500AF3A22 /* MovieServiceApiKey.swift in Sources */,
			);
			runOnlyForDeploymentPostprocessing = 0;
		};
/* End PBXSourcesBuildPhase section */

/* Begin PBXVariantGroup section */
		28CA5DE929DD5B9C00E82C43 /* Main.storyboard */ = {
			isa = PBXVariantGroup;
			children = (
				28CA5DEA29DD5B9C00E82C43 /* Base */,
			);
			name = Main.storyboard;
			sourceTree = "<group>";
		};
		28CA5DEE29DD5B9E00E82C43 /* LaunchScreen.storyboard */ = {
			isa = PBXVariantGroup;
			children = (
				28CA5DEF29DD5B9E00E82C43 /* Base */,
			);
			name = LaunchScreen.storyboard;
			sourceTree = "<group>";
		};
/* End PBXVariantGroup section */

/* Begin XCBuildConfiguration section */
		28CA5DF229DD5B9E00E82C43 /* Debug */ = {
			isa = XCBuildConfiguration;
			buildSettings = {
				ALWAYS_SEARCH_USER_PATHS = NO;
				CLANG_ANALYZER_NONNULL = YES;
				CLANG_ANALYZER_NUMBER_OBJECT_CONVERSION = YES_AGGRESSIVE;
				CLANG_CXX_LANGUAGE_STANDARD = "gnu++20";
				CLANG_ENABLE_MODULES = YES;
				CLANG_ENABLE_OBJC_ARC = YES;
				CLANG_ENABLE_OBJC_WEAK = YES;
				CLANG_WARN_BLOCK_CAPTURE_AUTORELEASING = YES;
				CLANG_WARN_BOOL_CONVERSION = YES;
				CLANG_WARN_COMMA = YES;
				CLANG_WARN_CONSTANT_CONVERSION = YES;
				CLANG_WARN_DEPRECATED_OBJC_IMPLEMENTATIONS = YES;
				CLANG_WARN_DIRECT_OBJC_ISA_USAGE = YES_ERROR;
				CLANG_WARN_DOCUMENTATION_COMMENTS = YES;
				CLANG_WARN_EMPTY_BODY = YES;
				CLANG_WARN_ENUM_CONVERSION = YES;
				CLANG_WARN_INFINITE_RECURSION = YES;
				CLANG_WARN_INT_CONVERSION = YES;
				CLANG_WARN_NON_LITERAL_NULL_CONVERSION = YES;
				CLANG_WARN_OBJC_IMPLICIT_RETAIN_SELF = YES;
				CLANG_WARN_OBJC_LITERAL_CONVERSION = YES;
				CLANG_WARN_OBJC_ROOT_CLASS = YES_ERROR;
				CLANG_WARN_QUOTED_INCLUDE_IN_FRAMEWORK_HEADER = YES;
				CLANG_WARN_RANGE_LOOP_ANALYSIS = YES;
				CLANG_WARN_STRICT_PROTOTYPES = YES;
				CLANG_WARN_SUSPICIOUS_MOVE = YES;
				CLANG_WARN_UNGUARDED_AVAILABILITY = YES_AGGRESSIVE;
				CLANG_WARN_UNREACHABLE_CODE = YES;
				CLANG_WARN__DUPLICATE_METHOD_MATCH = YES;
				COPY_PHASE_STRIP = NO;
				DEBUG_INFORMATION_FORMAT = dwarf;
				ENABLE_STRICT_OBJC_MSGSEND = YES;
				ENABLE_TESTABILITY = YES;
				GCC_C_LANGUAGE_STANDARD = gnu11;
				GCC_DYNAMIC_NO_PIC = NO;
				GCC_NO_COMMON_BLOCKS = YES;
				GCC_OPTIMIZATION_LEVEL = 0;
				GCC_PREPROCESSOR_DEFINITIONS = (
					"DEBUG=1",
					"$(inherited)",
				);
				GCC_WARN_64_TO_32_BIT_CONVERSION = YES;
				GCC_WARN_ABOUT_RETURN_TYPE = YES_ERROR;
				GCC_WARN_UNDECLARED_SELECTOR = YES;
				GCC_WARN_UNINITIALIZED_AUTOS = YES_AGGRESSIVE;
				GCC_WARN_UNUSED_FUNCTION = YES;
				GCC_WARN_UNUSED_VARIABLE = YES;
				IPHONEOS_DEPLOYMENT_TARGET = 16.4;
				MTL_ENABLE_DEBUG_INFO = INCLUDE_SOURCE;
				MTL_FAST_MATH = YES;
				ONLY_ACTIVE_ARCH = YES;
				SDKROOT = iphoneos;
				SWIFT_ACTIVE_COMPILATION_CONDITIONS = DEBUG;
				SWIFT_OPTIMIZATION_LEVEL = "-Onone";
			};
			name = Debug;
		};
		28CA5DF329DD5B9E00E82C43 /* Release */ = {
			isa = XCBuildConfiguration;
			buildSettings = {
				ALWAYS_SEARCH_USER_PATHS = NO;
				CLANG_ANALYZER_NONNULL = YES;
				CLANG_ANALYZER_NUMBER_OBJECT_CONVERSION = YES_AGGRESSIVE;
				CLANG_CXX_LANGUAGE_STANDARD = "gnu++20";
				CLANG_ENABLE_MODULES = YES;
				CLANG_ENABLE_OBJC_ARC = YES;
				CLANG_ENABLE_OBJC_WEAK = YES;
				CLANG_WARN_BLOCK_CAPTURE_AUTORELEASING = YES;
				CLANG_WARN_BOOL_CONVERSION = YES;
				CLANG_WARN_COMMA = YES;
				CLANG_WARN_CONSTANT_CONVERSION = YES;
				CLANG_WARN_DEPRECATED_OBJC_IMPLEMENTATIONS = YES;
				CLANG_WARN_DIRECT_OBJC_ISA_USAGE = YES_ERROR;
				CLANG_WARN_DOCUMENTATION_COMMENTS = YES;
				CLANG_WARN_EMPTY_BODY = YES;
				CLANG_WARN_ENUM_CONVERSION = YES;
				CLANG_WARN_INFINITE_RECURSION = YES;
				CLANG_WARN_INT_CONVERSION = YES;
				CLANG_WARN_NON_LITERAL_NULL_CONVERSION = YES;
				CLANG_WARN_OBJC_IMPLICIT_RETAIN_SELF = YES;
				CLANG_WARN_OBJC_LITERAL_CONVERSION = YES;
				CLANG_WARN_OBJC_ROOT_CLASS = YES_ERROR;
				CLANG_WARN_QUOTED_INCLUDE_IN_FRAMEWORK_HEADER = YES;
				CLANG_WARN_RANGE_LOOP_ANALYSIS = YES;
				CLANG_WARN_STRICT_PROTOTYPES = YES;
				CLANG_WARN_SUSPICIOUS_MOVE = YES;
				CLANG_WARN_UNGUARDED_AVAILABILITY = YES_AGGRESSIVE;
				CLANG_WARN_UNREACHABLE_CODE = YES;
				CLANG_WARN__DUPLICATE_METHOD_MATCH = YES;
				COPY_PHASE_STRIP = NO;
				DEBUG_INFORMATION_FORMAT = "dwarf-with-dsym";
				ENABLE_NS_ASSERTIONS = NO;
				ENABLE_STRICT_OBJC_MSGSEND = YES;
				GCC_C_LANGUAGE_STANDARD = gnu11;
				GCC_NO_COMMON_BLOCKS = YES;
				GCC_WARN_64_TO_32_BIT_CONVERSION = YES;
				GCC_WARN_ABOUT_RETURN_TYPE = YES_ERROR;
				GCC_WARN_UNDECLARED_SELECTOR = YES;
				GCC_WARN_UNINITIALIZED_AUTOS = YES_AGGRESSIVE;
				GCC_WARN_UNUSED_FUNCTION = YES;
				GCC_WARN_UNUSED_VARIABLE = YES;
				IPHONEOS_DEPLOYMENT_TARGET = 16.4;
				MTL_ENABLE_DEBUG_INFO = NO;
				MTL_FAST_MATH = YES;
				SDKROOT = iphoneos;
				SWIFT_COMPILATION_MODE = wholemodule;
				SWIFT_OPTIMIZATION_LEVEL = "-O";
				VALIDATE_PRODUCT = YES;
			};
			name = Release;
		};
		28CA5DF529DD5B9E00E82C43 /* Debug */ = {
			isa = XCBuildConfiguration;
			baseConfigurationReference = A09B65DCEF7838E65BDB0E15 /* Pods-Devflix.debug.xcconfig */;
			buildSettings = {
				ASSETCATALOG_COMPILER_APPICON_NAME = AppIcon;
				ASSETCATALOG_COMPILER_GLOBAL_ACCENT_COLOR_NAME = AccentColor;
				CODE_SIGN_STYLE = Automatic;
				CURRENT_PROJECT_VERSION = 1;
				GENERATE_INFOPLIST_FILE = YES;
				INFOPLIST_FILE = Devflix/Info.plist;
				INFOPLIST_KEY_UIApplicationSupportsIndirectInputEvents = YES;
				INFOPLIST_KEY_UILaunchStoryboardName = LaunchScreen;
				INFOPLIST_KEY_UIMainStoryboardFile = Main;
				INFOPLIST_KEY_UISupportedInterfaceOrientations_iPad = "UIInterfaceOrientationPortrait UIInterfaceOrientationPortraitUpsideDown UIInterfaceOrientationLandscapeLeft UIInterfaceOrientationLandscapeRight";
				INFOPLIST_KEY_UISupportedInterfaceOrientations_iPhone = "UIInterfaceOrientationPortrait UIInterfaceOrientationLandscapeLeft UIInterfaceOrientationLandscapeRight";
				LD_RUNPATH_SEARCH_PATHS = (
					"$(inherited)",
					"@executable_path/Frameworks",
				);
				MARKETING_VERSION = 1.0;
				PRODUCT_BUNDLE_IDENTIFIER = itsjoelsango.Devflix;
				PRODUCT_NAME = "$(TARGET_NAME)";
				SWIFT_EMIT_LOC_STRINGS = YES;
				SWIFT_VERSION = 5.0;
				TARGETED_DEVICE_FAMILY = "1,2";
			};
			name = Debug;
		};
		28CA5DF629DD5B9E00E82C43 /* Release */ = {
			isa = XCBuildConfiguration;
			baseConfigurationReference = D744FB5793874926E90DD47B /* Pods-Devflix.release.xcconfig */;
			buildSettings = {
				ASSETCATALOG_COMPILER_APPICON_NAME = AppIcon;
				ASSETCATALOG_COMPILER_GLOBAL_ACCENT_COLOR_NAME = AccentColor;
				CODE_SIGN_STYLE = Automatic;
				CURRENT_PROJECT_VERSION = 1;
				GENERATE_INFOPLIST_FILE = YES;
				INFOPLIST_FILE = Devflix/Info.plist;
				INFOPLIST_KEY_UIApplicationSupportsIndirectInputEvents = YES;
				INFOPLIST_KEY_UILaunchStoryboardName = LaunchScreen;
				INFOPLIST_KEY_UIMainStoryboardFile = Main;
				INFOPLIST_KEY_UISupportedInterfaceOrientations_iPad = "UIInterfaceOrientationPortrait UIInterfaceOrientationPortraitUpsideDown UIInterfaceOrientationLandscapeLeft UIInterfaceOrientationLandscapeRight";
				INFOPLIST_KEY_UISupportedInterfaceOrientations_iPhone = "UIInterfaceOrientationPortrait UIInterfaceOrientationLandscapeLeft UIInterfaceOrientationLandscapeRight";
				LD_RUNPATH_SEARCH_PATHS = (
					"$(inherited)",
					"@executable_path/Frameworks",
				);
				MARKETING_VERSION = 1.0;
				PRODUCT_BUNDLE_IDENTIFIER = itsjoelsango.Devflix;
				PRODUCT_NAME = "$(TARGET_NAME)";
				SWIFT_EMIT_LOC_STRINGS = YES;
				SWIFT_VERSION = 5.0;
				TARGETED_DEVICE_FAMILY = "1,2";
			};
			name = Release;
		};
/* End XCBuildConfiguration section */

/* Begin XCConfigurationList section */
		28CA5DDB29DD5B9C00E82C43 /* Build configuration list for PBXProject "Devflix" */ = {
			isa = XCConfigurationList;
			buildConfigurations = (
				28CA5DF229DD5B9E00E82C43 /* Debug */,
				28CA5DF329DD5B9E00E82C43 /* Release */,
			);
			defaultConfigurationIsVisible = 0;
			defaultConfigurationName = Release;
		};
		28CA5DF429DD5B9E00E82C43 /* Build configuration list for PBXNativeTarget "Devflix" */ = {
			isa = XCConfigurationList;
			buildConfigurations = (
				28CA5DF529DD5B9E00E82C43 /* Debug */,
				28CA5DF629DD5B9E00E82C43 /* Release */,
			);
			defaultConfigurationIsVisible = 0;
			defaultConfigurationName = Release;
		};
/* End XCConfigurationList section */
	};
	rootObject = 28CA5DD829DD5B9C00E82C43 /* Project object */;
}
